
Microsoft Visual Studio Solution File, Format Version 12.00
# Visual Studio Version 17
VisualStudioVersion = 17.2.32526.322
MinimumVisualStudioVersion = 10.0.40219.1
Project("{FAE04EC0-301F-11D3-BF4B-00C04F79EFBC}") = "MixTelematics", "MixTelematics\MixTelematics.csproj", "{793BFFA4-6140-4C5B-BD3E-2F8BD9BD63DF}"
EndProject
Global
	GlobalSection(SolutionConfigurationPlatforms) = preSolution
		Debug|Any CPU = Debug|Any CPU
		Release|Any CPU = Release|Any CPU
	EndGlobalSection
	GlobalSection(ProjectConfigurationPlatforms) = postSolution
		{793BFFA4-6140-4C5B-BD3E-2F8BD9BD63DF}.Debug|Any CPU.ActiveCfg = Debug|Any CPU
		{793BFFA4-6140-4C5B-BD3E-2F8BD9BD63DF}.Debug|Any CPU.Build.0 = Debug|Any CPU
		{793BFFA4-6140-4C5B-BD3E-2F8BD9BD63DF}.Release|Any CPU.ActiveCfg = Release|Any CPU
		{793BFFA4-6140-4C5B-BD3E-2F8BD9BD63DF}.Release|Any CPU.Build.0 = Release|Any CPU
	EndGlobalSection
	GlobalSection(SolutionProperties) = preSolution
		HideSolutionNode = FALSE
	EndGlobalSection
	GlobalSection(ExtensibilityGlobals) = postSolution
		SolutionGuid = {E8A1A572-8047-4164-AB43-88C6C5B443B0}
	EndGlobalSection
EndGlobal
